
Microsoft Visual Studio Solution File, Format Version 12.00
# Visual Studio Version 17
VisualStudioVersion = 17.0.32112.339
MinimumVisualStudioVersion = 10.0.40219.1
Project("{2150E333-8FDC-42A3-9474-1A3956D46DE8}") = "Core", "Core", "{05930AC9-97C6-47BA-9031-AE72A61164AC}"
EndProject
Project("{2150E333-8FDC-42A3-9474-1A3956D46DE8}") = "Infrastucture", "Infrastucture", "{BFD6CC79-A074-425D-8C4E-9106A358023B}"
EndProject
Project("{2150E333-8FDC-42A3-9474-1A3956D46DE8}") = "Presentation", "Presentation", "{D811E685-DA01-41C0-A792-4A4D09566E4F}"
EndProject
Project("{9A19103F-16F7-4668-BE54-9A1E7A4F7556}") = "Parcus.Domain", "Parcus.Domain\Parcus.Domain.csproj", "{8A7D7A27-3236-40C4-8966-7B2FE4B6B8E5}"
EndProject
Project("{9A19103F-16F7-4668-BE54-9A1E7A4F7556}") = "Parcus.Application", "Parcus.Application\Parcus.Application.csproj", "{D753C5CB-5FB1-4B39-BE2A-5BED4C990665}"
EndProject
Project("{9A19103F-16F7-4668-BE54-9A1E7A4F7556}") = "Parcus.Api", "Parcus.Api\Parcus.Api.csproj", "{1E0A5FE8-0679-4E53-B348-71B4A8074BB7}"
EndProject
Project("{9A19103F-16F7-4668-BE54-9A1E7A4F7556}") = "Parcus.Services", "Parcus.Services\Parcus.Services.csproj", "{3D60B036-080B-4ABD-B5BE-83AD54741189}"
EndProject
Project("{9A19103F-16F7-4668-BE54-9A1E7A4F7556}") = "Parcus.Persistence", "Parcus.Persistence\Parcus.Persistence.csproj", "{D3D5BA92-E9BA-4FE7-8EA6-9EF8F4D6E05A}"
EndProject
Global
	GlobalSection(SolutionConfigurationPlatforms) = preSolution
		Debug|Any CPU = Debug|Any CPU
		Release|Any CPU = Release|Any CPU
	EndGlobalSection
	GlobalSection(ProjectConfigurationPlatforms) = postSolution
		{8A7D7A27-3236-40C4-8966-7B2FE4B6B8E5}.Debug|Any CPU.ActiveCfg = Debug|Any CPU
		{8A7D7A27-3236-40C4-8966-7B2FE4B6B8E5}.Debug|Any CPU.Build.0 = Debug|Any CPU
		{8A7D7A27-3236-40C4-8966-7B2FE4B6B8E5}.Release|Any CPU.ActiveCfg = Release|Any CPU
		{8A7D7A27-3236-40C4-8966-7B2FE4B6B8E5}.Release|Any CPU.Build.0 = Release|Any CPU
		{D753C5CB-5FB1-4B39-BE2A-5BED4C990665}.Debug|Any CPU.ActiveCfg = Debug|Any CPU
		{D753C5CB-5FB1-4B39-BE2A-5BED4C990665}.Debug|Any CPU.Build.0 = Debug|Any CPU
		{D753C5CB-5FB1-4B39-BE2A-5BED4C990665}.Release|Any CPU.ActiveCfg = Release|Any CPU
		{D753C5CB-5FB1-4B39-BE2A-5BED4C990665}.Release|Any CPU.Build.0 = Release|Any CPU
		{1E0A5FE8-0679-4E53-B348-71B4A8074BB7}.Debug|Any CPU.ActiveCfg = Debug|Any CPU
		{1E0A5FE8-0679-4E53-B348-71B4A8074BB7}.Debug|Any CPU.Build.0 = Debug|Any CPU
		{1E0A5FE8-0679-4E53-B348-71B4A8074BB7}.Release|Any CPU.ActiveCfg = Release|Any CPU
		{1E0A5FE8-0679-4E53-B348-71B4A8074BB7}.Release|Any CPU.Build.0 = Release|Any CPU
		{3D60B036-080B-4ABD-B5BE-83AD54741189}.Debug|Any CPU.ActiveCfg = Debug|Any CPU
		{3D60B036-080B-4ABD-B5BE-83AD54741189}.Debug|Any CPU.Build.0 = Debug|Any CPU
		{3D60B036-080B-4ABD-B5BE-83AD54741189}.Release|Any CPU.ActiveCfg = Release|Any CPU
		{3D60B036-080B-4ABD-B5BE-83AD54741189}.Release|Any CPU.Build.0 = Release|Any CPU
		{D3D5BA92-E9BA-4FE7-8EA6-9EF8F4D6E05A}.Debug|Any CPU.ActiveCfg = Debug|Any CPU
		{D3D5BA92-E9BA-4FE7-8EA6-9EF8F4D6E05A}.Debug|Any CPU.Build.0 = Debug|Any CPU
		{D3D5BA92-E9BA-4FE7-8EA6-9EF8F4D6E05A}.Release|Any CPU.ActiveCfg = Release|Any CPU
		{D3D5BA92-E9BA-4FE7-8EA6-9EF8F4D6E05A}.Release|Any CPU.Build.0 = Release|Any CPU
	EndGlobalSection
	GlobalSection(SolutionProperties) = preSolution
		HideSolutionNode = FALSE
	EndGlobalSection
	GlobalSection(NestedProjects) = preSolution
		{8A7D7A27-3236-40C4-8966-7B2FE4B6B8E5} = {05930AC9-97C6-47BA-9031-AE72A61164AC}
		{D753C5CB-5FB1-4B39-BE2A-5BED4C990665} = {05930AC9-97C6-47BA-9031-AE72A61164AC}
		{1E0A5FE8-0679-4E53-B348-71B4A8074BB7} = {D811E685-DA01-41C0-A792-4A4D09566E4F}
		{3D60B036-080B-4ABD-B5BE-83AD54741189} = {BFD6CC79-A074-425D-8C4E-9106A358023B}
		{D3D5BA92-E9BA-4FE7-8EA6-9EF8F4D6E05A} = {BFD6CC79-A074-425D-8C4E-9106A358023B}
	EndGlobalSection
	GlobalSection(ExtensibilityGlobals) = postSolution
		SolutionGuid = {4CB3F72B-11FA-491E-9998-24E68D2FF241}
	EndGlobalSection
EndGlobal
